
Microsoft Visual Studio Solution File, Format Version 12.00
# Visual Studio Version 16
VisualStudioVersion = 16.0.31624.102
MinimumVisualStudioVersion = 10.0.40219.1
Project("{FAE04EC0-301F-11D3-BF4B-00C04F79EFBC}") = "IntroAPI", "IntroAPI\IntroAPI.csproj", "{3F663846-A2FA-4247-B7B3-B60DA09DBAD6}"
EndProject
Global
	GlobalSection(SolutionConfigurationPlatforms) = preSolution
		Debug|Any CPU = Debug|Any CPU
		Release|Any CPU = Release|Any CPU
	EndGlobalSection
	GlobalSection(ProjectConfigurationPlatforms) = postSolution
		{3F663846-A2FA-4247-B7B3-B60DA09DBAD6}.Debug|Any CPU.ActiveCfg = Debug|Any CPU
		{3F663846-A2FA-4247-B7B3-B60DA09DBAD6}.Debug|Any CPU.Build.0 = Debug|Any CPU
		{3F663846-A2FA-4247-B7B3-B60DA09DBAD6}.Release|Any CPU.ActiveCfg = Release|Any CPU
		{3F663846-A2FA-4247-B7B3-B60DA09DBAD6}.Release|Any CPU.Build.0 = Release|Any CPU
	EndGlobalSection
	GlobalSection(SolutionProperties) = preSolution
		HideSolutionNode = FALSE
	EndGlobalSection
	GlobalSection(ExtensibilityGlobals) = postSolution
		SolutionGuid = {ADE4B615-391B-45DB-B8A5-9D3078A6BD1F}
	EndGlobalSection
EndGlobal
